
Microsoft Visual Studio Solution File, Format Version 12.00
# Visual Studio Version 16
VisualStudioVersion = 16.0.30114.105
MinimumVisualStudioVersion = 10.0.40219.1
Project("{FAE04EC0-301F-11D3-BF4B-00C04F79EFBC}") = "Bash_A_Monster", "Bash_A_Monster\Bash_A_Monster.csproj", "{4057FDD9-2534-47A8-91E0-8B8048B07228}"
EndProject
Global
	GlobalSection(SolutionConfigurationPlatforms) = preSolution
		Debug|Any CPU = Debug|Any CPU
		Release|Any CPU = Release|Any CPU
	EndGlobalSection
	GlobalSection(SolutionProperties) = preSolution
		HideSolutionNode = FALSE
	EndGlobalSection
	GlobalSection(ProjectConfigurationPlatforms) = postSolution
		{4057FDD9-2534-47A8-91E0-8B8048B07228}.Debug|Any CPU.ActiveCfg = Debug|Any CPU
		{4057FDD9-2534-47A8-91E0-8B8048B07228}.Debug|Any CPU.Build.0 = Debug|Any CPU
		{4057FDD9-2534-47A8-91E0-8B8048B07228}.Release|Any CPU.ActiveCfg = Release|Any CPU
		{4057FDD9-2534-47A8-91E0-8B8048B07228}.Release|Any CPU.Build.0 = Release|Any CPU
	EndGlobalSection
EndGlobal
